
Microsoft Visual Studio Solution File, Format Version 12.00
# Visual Studio 15
VisualStudioVersion = 15.0.27130.2026
MinimumVisualStudioVersion = 10.0.40219.1
Project("{FAE04EC0-301F-11D3-BF4B-00C04F79EFBC}") = "BnS Slider Editor", "BnS Slider Editor\BnS Slider Editor.csproj", "{D33961C9-977C-484E-8830-69583BB58CFB}"
EndProject
Global
	GlobalSection(SolutionConfigurationPlatforms) = preSolution
		Debug|Any CPU = Debug|Any CPU
		Release|Any CPU = Release|Any CPU
	EndGlobalSection
	GlobalSection(ProjectConfigurationPlatforms) = postSolution
		{D33961C9-977C-484E-8830-69583BB58CFB}.Debug|Any CPU.ActiveCfg = Debug|Any CPU
		{D33961C9-977C-484E-8830-69583BB58CFB}.Debug|Any CPU.Build.0 = Debug|Any CPU
		{D33961C9-977C-484E-8830-69583BB58CFB}.Release|Any CPU.ActiveCfg = Release|Any CPU
		{D33961C9-977C-484E-8830-69583BB58CFB}.Release|Any CPU.Build.0 = Release|Any CPU
	EndGlobalSection
	GlobalSection(SolutionProperties) = preSolution
		HideSolutionNode = FALSE
	EndGlobalSection
	GlobalSection(ExtensibilityGlobals) = postSolution
		SolutionGuid = {59308105-B434-4A1C-A045-2770277CE7AD}
	EndGlobalSection
EndGlobal
